
Microsoft Visual Studio Solution File, Format Version 12.00
# Visual Studio Version 17
VisualStudioVersion = 17.8.34330.188
MinimumVisualStudioVersion = 10.0.40219.1
Project("{2150E333-8FDC-42A3-9474-1A3956D46DE8}") = "Services", "Services", "{523F4F04-FCB9-4C0F-8EC0-F3E6E5A29BF8}"
EndProject
Project("{FAE04EC0-301F-11D3-BF4B-00C04F79EFBC}") = "Catalog.API", "Services\Catalog.API\Catalog.API.csproj", "{1F3387A9-102D-4B0B-B625-EE84276F8D12}"
EndProject
Global
	GlobalSection(SolutionConfigurationPlatforms) = preSolution
		Debug|Any CPU = Debug|Any CPU
		Release|Any CPU = Release|Any CPU
	EndGlobalSection
	GlobalSection(ProjectConfigurationPlatforms) = postSolution
		{1F3387A9-102D-4B0B-B625-EE84276F8D12}.Debug|Any CPU.ActiveCfg = Debug|Any CPU
		{1F3387A9-102D-4B0B-B625-EE84276F8D12}.Debug|Any CPU.Build.0 = Debug|Any CPU
		{1F3387A9-102D-4B0B-B625-EE84276F8D12}.Release|Any CPU.ActiveCfg = Release|Any CPU
		{1F3387A9-102D-4B0B-B625-EE84276F8D12}.Release|Any CPU.Build.0 = Release|Any CPU
	EndGlobalSection
	GlobalSection(SolutionProperties) = preSolution
		HideSolutionNode = FALSE
	EndGlobalSection
	GlobalSection(NestedProjects) = preSolution
		{1F3387A9-102D-4B0B-B625-EE84276F8D12} = {523F4F04-FCB9-4C0F-8EC0-F3E6E5A29BF8}
	EndGlobalSection
	GlobalSection(ExtensibilityGlobals) = postSolution
		SolutionGuid = {9FEF5BF9-838A-4A5C-95D5-995DCB10C5D6}
	EndGlobalSection
EndGlobal
